github.com/komangkrisnanda/go-say-hello v1.0.0 h1:0myOIjk1mQ0MY1rC3DmP8JwGF+aqdi6moSpI3PA8i6o=
github.com/komangkrisnanda/go-say-hello v1.0.0/go.mod h1:Z4zjWdGDc0giIxSwgLAFaGmvGxuGaCZYu0mMqFdUL2c=
github.com/komangkrisnanda/go-say-hello v1.1.0 h1:DE51bjC0WRymSA/XtJHJmx7Rs18IexXymyi3y+I7Pdw=
github.com/komangkrisnanda/go-say-hello v1.1.0/go.mod h1:Z4zjWdGDc0giIxSwgLAFaGmvGxuGaCZYu0mMqFdUL2c=
github.com/komangkrisnanda/go-say-hello/v2 v2.0.0 h1:aCffq3Kz119YaqJaX5ICATwMoIQKjx1uLDRDJsCM6Pk=
github.com/komangkrisnanda/go-say-hello/v2 v2.0.0/go.mod h1:p1e2O50j5CzPoiFA/qEMcQ0XzuG2q+26uK9fHoE95wc=
